# This file is automatically @generated by Poetry 1.8.5 and should not be changed by hand.

[[package]]
name = "pyperclip"
version = "1.11.0"
description = "A cross-platform clipboard module for Python. (Only handles plain text for now.)"
optional = false
python-versions = "*"
files = [
    {file = "pyperclip-1.11.0-py3-none-any.whl", hash = "sha256:299403e9ff44581cb9ba2ffeed69c7aa96a008622ad0c46cb575ca75b5b84273"},
    {file = "pyperclip-1.11.0.tar.gz", hash = "sha256:244035963e4428530d9e3a6101a1ef97209c6825edab1567beac148ccc1db1b6"},
]

[metadata]
lock-version = "2.0"
python-versions = "^3.14"
content-hash = "2802d92fcc7ab9370944fe23e7e2f94c0fcea3901138be901a217fe670c74c04"
